
Microsoft Visual Studio Solution File, Format Version 12.00
# Visual Studio Version 16
VisualStudioVersion = 16.0.29926.136
MinimumVisualStudioVersion = 10.0.40219.1
Project("{9A19103F-16F7-4668-BE54-9A1E7A4F7556}") = "GameOfLife", "GameOfLife.csproj", "{29C7EFB3-346C-4866-8985-F9D1CAA110BE}"
EndProject
Global
	GlobalSection(SolutionConfigurationPlatforms) = preSolution
		Debug|Any CPU = Debug|Any CPU
		Release|Any CPU = Release|Any CPU
	EndGlobalSection
	GlobalSection(ProjectConfigurationPlatforms) = postSolution
		{29C7EFB3-346C-4866-8985-F9D1CAA110BE}.Debug|Any CPU.ActiveCfg = Debug|Any CPU
		{29C7EFB3-346C-4866-8985-F9D1CAA110BE}.Debug|Any CPU.Build.0 = Debug|Any CPU
		{29C7EFB3-346C-4866-8985-F9D1CAA110BE}.Release|Any CPU.ActiveCfg = Release|Any CPU
		{29C7EFB3-346C-4866-8985-F9D1CAA110BE}.Release|Any CPU.Build.0 = Release|Any CPU
	EndGlobalSection
	GlobalSection(SolutionProperties) = preSolution
		HideSolutionNode = FALSE
	EndGlobalSection
	GlobalSection(ExtensibilityGlobals) = postSolution
		SolutionGuid = {CFF58E19-A7FF-45BA-A3FB-D4BE1FD7F7A7}
	EndGlobalSection
EndGlobal
